
Microsoft Visual Studio Solution File, Format Version 12.00
# Visual Studio Version 16
VisualStudioVersion = 16.0.33529.622
MinimumVisualStudioVersion = 10.0.40219.1
Project("{FAE04EC0-301F-11D3-BF4B-00C04F79EFBC}") = "demo-mah-wpf", "demo-mah-wpf\demo-mah-wpf.csproj", "{B366413E-45AF-4759-9A78-A6DDD856648C}"
EndProject
Global
	GlobalSection(SolutionConfigurationPlatforms) = preSolution
		Debug|Any CPU = Debug|Any CPU
		Release|Any CPU = Release|Any CPU
	EndGlobalSection
	GlobalSection(ProjectConfigurationPlatforms) = postSolution
		{B366413E-45AF-4759-9A78-A6DDD856648C}.Debug|Any CPU.ActiveCfg = Debug|Any CPU
		{B366413E-45AF-4759-9A78-A6DDD856648C}.Debug|Any CPU.Build.0 = Debug|Any CPU
		{B366413E-45AF-4759-9A78-A6DDD856648C}.Release|Any CPU.ActiveCfg = Release|Any CPU
		{B366413E-45AF-4759-9A78-A6DDD856648C}.Release|Any CPU.Build.0 = Release|Any CPU
	EndGlobalSection
	GlobalSection(SolutionProperties) = preSolution
		HideSolutionNode = FALSE
	EndGlobalSection
	GlobalSection(ExtensibilityGlobals) = postSolution
		SolutionGuid = {743D5668-D24B-4020-A68C-E654C9A80AD9}
	EndGlobalSection
EndGlobal
