
Microsoft Visual Studio Solution File, Format Version 12.00
# Visual Studio Version 16
VisualStudioVersion = 16.0.32802.440
MinimumVisualStudioVersion = 10.0.40219.1
Project("{FAE04EC0-301F-11D3-BF4B-00C04F79EFBC}") = "QMS_Test", "QMS_Test.csproj", "{02906623-075A-4C83-8444-D47699D46795}"
EndProject
Global
	GlobalSection(SolutionConfigurationPlatforms) = preSolution
		Debug|Any CPU = Debug|Any CPU
		Release|Any CPU = Release|Any CPU
	EndGlobalSection
	GlobalSection(ProjectConfigurationPlatforms) = postSolution
		{02906623-075A-4C83-8444-D47699D46795}.Debug|Any CPU.ActiveCfg = Debug|Any CPU
		{02906623-075A-4C83-8444-D47699D46795}.Debug|Any CPU.Build.0 = Debug|Any CPU
		{02906623-075A-4C83-8444-D47699D46795}.Release|Any CPU.ActiveCfg = Release|Any CPU
		{02906623-075A-4C83-8444-D47699D46795}.Release|Any CPU.Build.0 = Release|Any CPU
	EndGlobalSection
	GlobalSection(SolutionProperties) = preSolution
		HideSolutionNode = FALSE
	EndGlobalSection
	GlobalSection(ExtensibilityGlobals) = postSolution
		SolutionGuid = {0A0E808D-5C77-41B6-A66B-0F6A7C4EB550}
	EndGlobalSection
EndGlobal
